// !$*UTF8*$!
{
	archiveVersion = 1;
	classes = {
	};
	objectVersion = 51;
	objects = {

/* Begin PBXBuildFile section */
		0EA00A2726B97E45007CA053 /* AppDelegate.swift in Sources */ = {isa = PBXBuildFile; fileRef = 0EA00A2626B97E45007CA053 /* AppDelegate.swift */; };
		0EA00A2B26B97E45007CA053 /* ViewController.swift in Sources */ = {isa = PBXBuildFile; fileRef = 0EA00A2A26B97E45007CA053 /* ViewController.swift */; };
		0EA00A2E26B97E45007CA053 /* Main.storyboard in Resources */ = {isa = PBXBuildFile; fileRef = 0EA00A2C26B97E45007CA053 /* Main.storyboard */; };
		0EA00A3026B97E46007CA053 /* Assets.xcassets in Resources */ = {isa = PBXBuildFile; fileRef = 0EA00A2F26B97E46007CA053 /* Assets.xcassets */; };
		0EA00A3326B97E46007CA053 /* LaunchScreen.storyboard in Resources */ = {isa = PBXBuildFile; fileRef = 0EA00A3126B97E46007CA053 /* LaunchScreen.storyboard */; };
		0EA00A3E26B97F26007CA053 /* NetworkService.swift in Sources */ = {isa = PBXBuildFile; fileRef = 0EA00A3D26B97F26007CA053 /* NetworkService.swift */; };
		0EA00A4E26B98CBB007CA053 /* MovieListPresenter.swift in Sources */ = {isa = PBXBuildFile; fileRef = 0EA00A4D26B98CBB007CA053 /* MovieListPresenter.swift */; };
		0EA00A5026B98CC4007CA053 /* MovieListInteractor.swift in Sources */ = {isa = PBXBuildFile; fileRef = 0EA00A4F26B98CC4007CA053 /* MovieListInteractor.swift */; };
		0EA00A5226B98CCC007CA053 /* MovieListRouter.swift in Sources */ = {isa = PBXBuildFile; fileRef = 0EA00A5126B98CCC007CA053 /* MovieListRouter.swift */; };
		0EA00A5426B98CDA007CA053 /* MovieListWorker.swift in Sources */ = {isa = PBXBuildFile; fileRef = 0EA00A5326B98CDA007CA053 /* MovieListWorker.swift */; };
		0EA00A5626B98CEA007CA053 /* MovieListViewController.swift in Sources */ = {isa = PBXBuildFile; fileRef = 0EA00A5526B98CEA007CA053 /* MovieListViewController.swift */; };
		0EA00A5926B990A1007CA053 /* Enpoint.swift in Sources */ = {isa = PBXBuildFile; fileRef = 0EA00A5826B990A1007CA053 /* Enpoint.swift */; };
		0EA00A5E26B999E5007CA053 /* MovieListPopularEntity.swift in Sources */ = {isa = PBXBuildFile; fileRef = 0EA00A5C26B999E5007CA053 /* MovieListPopularEntity.swift */; };
		0EA00A5F26B999E5007CA053 /* MovieListPopularEntityResults.swift in Sources */ = {isa = PBXBuildFile; fileRef = 0EA00A5D26B999E5007CA053 /* MovieListPopularEntityResults.swift */; };
		0EA00A6126B99C36007CA053 /* MovieListViewModel.swift in Sources */ = {isa = PBXBuildFile; fileRef = 0EA00A6026B99C36007CA053 /* MovieListViewModel.swift */; };
		0EA00A6326B9B6D7007CA053 /* MoviePopularDetailViewController.swift in Sources */ = {isa = PBXBuildFile; fileRef = 0EA00A6226B9B6D7007CA053 /* MoviePopularDetailViewController.swift */; };
		0EA00A6526B9DD85007CA053 /* MoviePopularDetailInteractor.swift in Sources */ = {isa = PBXBuildFile; fileRef = 0EA00A6426B9DD85007CA053 /* MoviePopularDetailInteractor.swift */; };
		0EA00A6726B9DDA2007CA053 /* MoviePopularDetailPresenter.swift in Sources */ = {isa = PBXBuildFile; fileRef = 0EA00A6626B9DDA2007CA053 /* MoviePopularDetailPresenter.swift */; };
		0EA00A6926B9DDB3007CA053 /* MoviePopularDetailWorker.swift in Sources */ = {isa = PBXBuildFile; fileRef = 0EA00A6826B9DDB3007CA053 /* MoviePopularDetailWorker.swift */; };
		0EA00A6B26B9DDBD007CA053 /* MoviePopularDetailRouter.swift in Sources */ = {isa = PBXBuildFile; fileRef = 0EA00A6A26B9DDBD007CA053 /* MoviePopularDetailRouter.swift */; };
		0EA00A6D26B9DDC9007CA053 /* MoviePopularDetailViewModel.swift in Sources */ = {isa = PBXBuildFile; fileRef = 0EA00A6C26B9DDC9007CA053 /* MoviePopularDetailViewModel.swift */; };
		372BE188BD4430909E872638 /* Pods_TMDB.framework in Frameworks */ = {isa = PBXBuildFile; fileRef = 9FD62F3B6CB519B375185878 /* Pods_TMDB.framework */; };
/* End PBXBuildFile section */

/* Begin PBXFileReference section */
		0EA00A2326B97E45007CA053 /* TMDB.app */ = {isa = PBXFileReference; explicitFileType = wrapper.application; includeInIndex = 0; path = TMDB.app; sourceTree = BUILT_PRODUCTS_DIR; };
		0EA00A2626B97E45007CA053 /* AppDelegate.swift */ = {isa = PBXFileReference; lastKnownFileType = sourcecode.swift; path = AppDelegate.swift; sourceTree = "<group>"; };
		0EA00A2A26B97E45007CA053 /* ViewController.swift */ = {isa = PBXFileReference; lastKnownFileType = sourcecode.swift; path = ViewController.swift; sourceTree = "<group>"; };
		0EA00A2D26B97E45007CA053 /* Base */ = {isa = PBXFileReference; lastKnownFileType = file.storyboard; name = Base; path = Base.lproj/Main.storyboard; sourceTree = "<group>"; };
		0EA00A2F26B97E46007CA053 /* Assets.xcassets */ = {isa = PBXFileReference; lastKnownFileType = folder.assetcatalog; path = Assets.xcassets; sourceTree = "<group>"; };
		0EA00A3226B97E46007CA053 /* Base */ = {isa = PBXFileReference; lastKnownFileType = file.storyboard; name = Base; path = Base.lproj/LaunchScreen.storyboard; sourceTree = "<group>"; };
		0EA00A3426B97E46007CA053 /* Info.plist */ = {isa = PBXFileReference; lastKnownFileType = text.plist.xml; path = Info.plist; sourceTree = "<group>"; };
		0EA00A3D26B97F26007CA053 /* NetworkService.swift */ = {isa = PBXFileReference; lastKnownFileType = sourcecode.swift; path = NetworkService.swift; sourceTree = "<group>"; };
		0EA00A4D26B98CBB007CA053 /* MovieListPresenter.swift */ = {isa = PBXFileReference; lastKnownFileType = sourcecode.swift; name = MovieListPresenter.swift; path = TMDB/Modules/Home/MovieListPresenter.swift; sourceTree = SOURCE_ROOT; };
		0EA00A4F26B98CC4007CA053 /* MovieListInteractor.swift */ = {isa = PBXFileReference; lastKnownFileType = sourcecode.swift; name = MovieListInteractor.swift; path = TMDB/Modules/Home/MovieListInteractor.swift; sourceTree = SOURCE_ROOT; };
		0EA00A5126B98CCC007CA053 /* MovieListRouter.swift */ = {isa = PBXFileReference; lastKnownFileType = sourcecode.swift; name = MovieListRouter.swift; path = TMDB/Modules/Home/MovieListRouter.swift; sourceTree = SOURCE_ROOT; };
		0EA00A5326B98CDA007CA053 /* MovieListWorker.swift */ = {isa = PBXFileReference; lastKnownFileType = sourcecode.swift; name = MovieListWorker.swift; path = TMDB/Modules/Home/MovieListWorker.swift; sourceTree = SOURCE_ROOT; };
		0EA00A5526B98CEA007CA053 /* MovieListViewController.swift */ = {isa = PBXFileReference; lastKnownFileType = sourcecode.swift; name = MovieListViewController.swift; path = TMDB/Modules/Home/MovieListViewController.swift; sourceTree = SOURCE_ROOT; };
		0EA00A5826B990A1007CA053 /* Enpoint.swift */ = {isa = PBXFileReference; lastKnownFileType = sourcecode.swift; path = Enpoint.swift; sourceTree = "<group>"; };
		0EA00A5C26B999E5007CA053 /* MovieListPopularEntity.swift */ = {isa = PBXFileReference; fileEncoding = 4; lastKnownFileType = sourcecode.swift; path = MovieListPopularEntity.swift; sourceTree = "<group>"; };
		0EA00A5D26B999E5007CA053 /* MovieListPopularEntityResults.swift */ = {isa = PBXFileReference; fileEncoding = 4; lastKnownFileType = sourcecode.swift; path = MovieListPopularEntityResults.swift; sourceTree = "<group>"; };
		0EA00A6026B99C36007CA053 /* MovieListViewModel.swift */ = {isa = PBXFileReference; lastKnownFileType = sourcecode.swift; path = MovieListViewModel.swift; sourceTree = "<group>"; };
		0EA00A6226B9B6D7007CA053 /* MoviePopularDetailViewController.swift */ = {isa = PBXFileReference; lastKnownFileType = sourcecode.swift; path = MoviePopularDetailViewController.swift; sourceTree = "<group>"; };
		0EA00A6426B9DD85007CA053 /* MoviePopularDetailInteractor.swift */ = {isa = PBXFileReference; lastKnownFileType = sourcecode.swift; path = MoviePopularDetailInteractor.swift; sourceTree = "<group>"; };
		0EA00A6626B9DDA2007CA053 /* MoviePopularDetailPresenter.swift */ = {isa = PBXFileReference; lastKnownFileType = sourcecode.swift; path = MoviePopularDetailPresenter.swift; sourceTree = "<group>"; };
		0EA00A6826B9DDB3007CA053 /* MoviePopularDetailWorker.swift */ = {isa = PBXFileReference; lastKnownFileType = sourcecode.swift; path = MoviePopularDetailWorker.swift; sourceTree = "<group>"; };
		0EA00A6A26B9DDBD007CA053 /* MoviePopularDetailRouter.swift */ = {isa = PBXFileReference; lastKnownFileType = sourcecode.swift; path = MoviePopularDetailRouter.swift; sourceTree = "<group>"; };
		0EA00A6C26B9DDC9007CA053 /* MoviePopularDetailViewModel.swift */ = {isa = PBXFileReference; lastKnownFileType = sourcecode.swift; path = MoviePopularDetailViewModel.swift; sourceTree = "<group>"; };
		5E5D64BC3E31BEE245023055 /* Pods-TMDB.debug.xcconfig */ = {isa = PBXFileReference; includeInIndex = 1; lastKnownFileType = text.xcconfig; name = "Pods-TMDB.debug.xcconfig"; path = "Target Support Files/Pods-TMDB/Pods-TMDB.debug.xcconfig"; sourceTree = "<group>"; };
		9FD62F3B6CB519B375185878 /* Pods_TMDB.framework */ = {isa = PBXFileReference; explicitFileType = wrapper.framework; includeInIndex = 0; path = Pods_TMDB.framework; sourceTree = BUILT_PRODUCTS_DIR; };
		F47832B032E3047F9688B613 /* Pods-TMDB.release.xcconfig */ = {isa = PBXFileReference; includeInIndex = 1; lastKnownFileType = text.xcconfig; name = "Pods-TMDB.release.xcconfig"; path = "Target Support Files/Pods-TMDB/Pods-TMDB.release.xcconfig"; sourceTree = "<group>"; };
/* End PBXFileReference section */

/* Begin PBXFrameworksBuildPhase section */
		0EA00A2026B97E45007CA053 /* Frameworks */ = {
			isa = PBXFrameworksBuildPhase;
			buildActionMask = 2147483647;
			files = (
				372BE188BD4430909E872638 /* Pods_TMDB.framework in Frameworks */,
			);
			runOnlyForDeploymentPostprocessing = 0;
		};
/* End PBXFrameworksBuildPhase section */

/* Begin PBXGroup section */
		0AB48BD10896DECBE737C416 /* Pods */ = {
			isa = PBXGroup;
			children = (
				5E5D64BC3E31BEE245023055 /* Pods-TMDB.debug.xcconfig */,
				F47832B032E3047F9688B613 /* Pods-TMDB.release.xcconfig */,
			);
			path = Pods;
			sourceTree = "<group>";
		};
		0EA00A1A26B97E45007CA053 = {
			isa = PBXGroup;
			children = (
				0EA00A2526B97E45007CA053 /* TMDB */,
				0EA00A2426B97E45007CA053 /* Products */,
				0AB48BD10896DECBE737C416 /* Pods */,
				425074BC3E8A5904037CB8DF /* Frameworks */,
			);
			sourceTree = "<group>";
		};
		0EA00A2426B97E45007CA053 /* Products */ = {
			isa = PBXGroup;
			children = (
				0EA00A2326B97E45007CA053 /* TMDB.app */,
			);
			name = Products;
			sourceTree = "<group>";
		};
		0EA00A2526B97E45007CA053 /* TMDB */ = {
			isa = PBXGroup;
			children = (
				0EA00A5A26B999AA007CA053 /* Entities */,
				0EA00A3B26B97EA4007CA053 /* Common */,
				0EA00A3A26B97E7F007CA053 /* Modules */,
				0EA00A2626B97E45007CA053 /* AppDelegate.swift */,
				0EA00A2A26B97E45007CA053 /* ViewController.swift */,
				0EA00A2C26B97E45007CA053 /* Main.storyboard */,
				0EA00A2F26B97E46007CA053 /* Assets.xcassets */,
				0EA00A3126B97E46007CA053 /* LaunchScreen.storyboard */,
				0EA00A3426B97E46007CA053 /* Info.plist */,
			);
			path = TMDB;
			sourceTree = "<group>";
		};
		0EA00A3A26B97E7F007CA053 /* Modules */ = {
			isa = PBXGroup;
			children = (
				0EA00A5726B98D4E007CA053 /* MoviePopularDetail */,
				0EA00A4C26B98C89007CA053 /* MovieList */,
			);
			path = Modules;
			sourceTree = "<group>";
		};
		0EA00A3B26B97EA4007CA053 /* Common */ = {
			isa = PBXGroup;
			children = (
				0EA00A3C26B97EAA007CA053 /* Network */,
			);
			path = Common;
			sourceTree = "<group>";
		};
		0EA00A3C26B97EAA007CA053 /* Network */ = {
			isa = PBXGroup;
			children = (
				0EA00A3D26B97F26007CA053 /* NetworkService.swift */,
				0EA00A5826B990A1007CA053 /* Enpoint.swift */,
			);
			path = Network;
			sourceTree = "<group>";
		};
		0EA00A4C26B98C89007CA053 /* MovieList */ = {
			isa = PBXGroup;
			children = (
				0EA00A5326B98CDA007CA053 /* MovieListWorker.swift */,
				0EA00A4F26B98CC4007CA053 /* MovieListInteractor.swift */,
				0EA00A4D26B98CBB007CA053 /* MovieListPresenter.swift */,
				0EA00A5526B98CEA007CA053 /* MovieListViewController.swift */,
				0EA00A5126B98CCC007CA053 /* MovieListRouter.swift */,
				0EA00A6026B99C36007CA053 /* MovieListViewModel.swift */,
			);
			path = MovieList;
			sourceTree = "<group>";
		};
		0EA00A5726B98D4E007CA053 /* MoviePopularDetail */ = {
			isa = PBXGroup;
			children = (
				0EA00A6226B9B6D7007CA053 /* MoviePopularDetailViewController.swift */,
				0EA00A6426B9DD85007CA053 /* MoviePopularDetailInteractor.swift */,
				0EA00A6626B9DDA2007CA053 /* MoviePopularDetailPresenter.swift */,
				0EA00A6826B9DDB3007CA053 /* MoviePopularDetailWorker.swift */,
				0EA00A6A26B9DDBD007CA053 /* MoviePopularDetailRouter.swift */,
				0EA00A6C26B9DDC9007CA053 /* MoviePopularDetailViewModel.swift */,
			);
			path = MoviePopularDetail;
			sourceTree = "<group>";
		};
		0EA00A5A26B999AA007CA053 /* Entities */ = {
			isa = PBXGroup;
			children = (
				0EA00A5B26B999E5007CA053 /* MovieListPopular */,
			);
			path = Entities;
			sourceTree = "<group>";
		};
		0EA00A5B26B999E5007CA053 /* MovieListPopular */ = {
			isa = PBXGroup;
			children = (
				0EA00A5C26B999E5007CA053 /* MovieListPopularEntity.swift */,
				0EA00A5D26B999E5007CA053 /* MovieListPopularEntityResults.swift */,
			);
			path = MovieListPopular;
			sourceTree = "<group>";
		};
		425074BC3E8A5904037CB8DF /* Frameworks */ = {
			isa = PBXGroup;
			children = (
				9FD62F3B6CB519B375185878 /* Pods_TMDB.framework */,
			);
			name = Frameworks;
			sourceTree = "<group>";
		};
/* End PBXGroup section */

/* Begin PBXNativeTarget section */
		0EA00A2226B97E45007CA053 /* TMDB */ = {
			isa = PBXNativeTarget;
			buildConfigurationList = 0EA00A3726B97E46007CA053 /* Build configuration list for PBXNativeTarget "TMDB" */;
			buildPhases = (
				3A259CA63646C6DCAC59D3C7 /* [CP] Check Pods Manifest.lock */,
				0EA00A1F26B97E45007CA053 /* Sources */,
				0EA00A2026B97E45007CA053 /* Frameworks */,
				0EA00A2126B97E45007CA053 /* Resources */,
				C4F05B8BBA31EE8D46B51BC3 /* [CP] Embed Pods Frameworks */,
			);
			buildRules = (
			);
			dependencies = (
			);
			name = TMDB;
			productName = TMDB;
			productReference = 0EA00A2326B97E45007CA053 /* TMDB.app */;
			productType = "com.apple.product-type.application";
		};
/* End PBXNativeTarget section */

/* Begin PBXProject section */
		0EA00A1B26B97E45007CA053 /* Project object */ = {
			isa = PBXProject;
			attributes = {
				LastSwiftUpdateCheck = 1250;
				LastUpgradeCheck = 1250;
				TargetAttributes = {
					0EA00A2226B97E45007CA053 = {
						CreatedOnToolsVersion = 12.5.1;
					};
				};
			};
			buildConfigurationList = 0EA00A1E26B97E45007CA053 /* Build configuration list for PBXProject "TMDB" */;
			compatibilityVersion = "Xcode 9.3";
			developmentRegion = en;
			hasScannedForEncodings = 0;
			knownRegions = (
				en,
				Base,
			);
			mainGroup = 0EA00A1A26B97E45007CA053;
			productRefGroup = 0EA00A2426B97E45007CA053 /* Products */;
			projectDirPath = "";
			projectRoot = "";
			targets = (
				0EA00A2226B97E45007CA053 /* TMDB */,
			);
		};
/* End PBXProject section */

/* Begin PBXResourcesBuildPhase section */
		0EA00A2126B97E45007CA053 /* Resources */ = {
			isa = PBXResourcesBuildPhase;
			buildActionMask = 2147483647;
			files = (
				0EA00A3326B97E46007CA053 /* LaunchScreen.storyboard in Resources */,
				0EA00A3026B97E46007CA053 /* Assets.xcassets in Resources */,
				0EA00A2E26B97E45007CA053 /* Main.storyboard in Resources */,
			);
			runOnlyForDeploymentPostprocessing = 0;
		};
/* End PBXResourcesBuildPhase section */

/* Begin PBXShellScriptBuildPhase section */
		3A259CA63646C6DCAC59D3C7 /* [CP] Check Pods Manifest.lock */ = {
			isa = PBXShellScriptBuildPhase;
			buildActionMask = 2147483647;
			files = (
			);
			inputFileListPaths = (
			);
			inputPaths = (
				"${PODS_PODFILE_DIR_PATH}/Podfile.lock",
				"${PODS_ROOT}/Manifest.lock",
			);
			name = "[CP] Check Pods Manifest.lock";
			outputFileListPaths = (
			);
			outputPaths = (
				"$(DERIVED_FILE_DIR)/Pods-TMDB-checkManifestLockResult.txt",
			);
			runOnlyForDeploymentPostprocessing = 0;
			shellPath = /bin/sh;
			shellScript = "diff \"${PODS_PODFILE_DIR_PATH}/Podfile.lock\" \"${PODS_ROOT}/Manifest.lock\" > /dev/null\nif [ $? != 0 ] ; then\n    # print error to STDERR\n    echo \"error: The sandbox is not in sync with the Podfile.lock. Run 'pod install' or update your CocoaPods installation.\" >&2\n    exit 1\nfi\n# This output is used by Xcode 'outputs' to avoid re-running this script phase.\necho \"SUCCESS\" > \"${SCRIPT_OUTPUT_FILE_0}\"\n";
			showEnvVarsInLog = 0;
		};
		C4F05B8BBA31EE8D46B51BC3 /* [CP] Embed Pods Frameworks */ = {
			isa = PBXShellScriptBuildPhase;
			buildActionMask = 2147483647;
			files = (
			);
			inputFileListPaths = (
				"${PODS_ROOT}/Target Support Files/Pods-TMDB/Pods-TMDB-frameworks-${CONFIGURATION}-input-files.xcfilelist",
			);
			name = "[CP] Embed Pods Frameworks";
			outputFileListPaths = (
				"${PODS_ROOT}/Target Support Files/Pods-TMDB/Pods-TMDB-frameworks-${CONFIGURATION}-output-files.xcfilelist",
			);
			runOnlyForDeploymentPostprocessing = 0;
			shellPath = /bin/sh;
			shellScript = "\"${PODS_ROOT}/Target Support Files/Pods-TMDB/Pods-TMDB-frameworks.sh\"\n";
			showEnvVarsInLog = 0;
		};
/* End PBXShellScriptBuildPhase section */

/* Begin PBXSourcesBuildPhase section */
		0EA00A1F26B97E45007CA053 /* Sources */ = {
			isa = PBXSourcesBuildPhase;
			buildActionMask = 2147483647;
			files = (
				0EA00A6D26B9DDC9007CA053 /* MoviePopularDetailViewModel.swift in Sources */,
				0EA00A2B26B97E45007CA053 /* ViewController.swift in Sources */,
				0EA00A4E26B98CBB007CA053 /* MovieListPresenter.swift in Sources */,
				0EA00A5426B98CDA007CA053 /* MovieListWorker.swift in Sources */,
				0EA00A5626B98CEA007CA053 /* MovieListViewController.swift in Sources */,
				0EA00A5226B98CCC007CA053 /* MovieListRouter.swift in Sources */,
				0EA00A6326B9B6D7007CA053 /* MoviePopularDetailViewController.swift in Sources */,
				0EA00A6526B9DD85007CA053 /* MoviePopularDetailInteractor.swift in Sources */,
				0EA00A3E26B97F26007CA053 /* NetworkService.swift in Sources */,
				0EA00A2726B97E45007CA053 /* AppDelegate.swift in Sources */,
				0EA00A6926B9DDB3007CA053 /* MoviePopularDetailWorker.swift in Sources */,
				0EA00A6726B9DDA2007CA053 /* MoviePopularDetailPresenter.swift in Sources */,
				0EA00A5026B98CC4007CA053 /* MovieListInteractor.swift in Sources */,
				0EA00A5926B990A1007CA053 /* Enpoint.swift in Sources */,
				0EA00A5E26B999E5007CA053 /* MovieListPopularEntity.swift in Sources */,
				0EA00A5F26B999E5007CA053 /* MovieListPopularEntityResults.swift in Sources */,
				0EA00A6B26B9DDBD007CA053 /* MoviePopularDetailRouter.swift in Sources */,
				0EA00A6126B99C36007CA053 /* MovieListViewModel.swift in Sources */,
			);
			runOnlyForDeploymentPostprocessing = 0;
		};
/* End PBXSourcesBuildPhase section */

/* Begin PBXVariantGroup section */
		0EA00A2C26B97E45007CA053 /* Main.storyboard */ = {
			isa = PBXVariantGroup;
			children = (
				0EA00A2D26B97E45007CA053 /* Base */,
			);
			name = Main.storyboard;
			sourceTree = "<group>";
		};
		0EA00A3126B97E46007CA053 /* LaunchScreen.storyboard */ = {
			isa = PBXVariantGroup;
			children = (
				0EA00A3226B97E46007CA053 /* Base */,
			);
			name = LaunchScreen.storyboard;
			sourceTree = "<group>";
		};
/* End PBXVariantGroup section */

/* Begin XCBuildConfiguration section */
		0EA00A3526B97E46007CA053 /* Debug */ = {
			isa = XCBuildConfiguration;
			buildSettings = {
				ALWAYS_SEARCH_USER_PATHS = NO;
				CLANG_ANALYZER_NONNULL = YES;
				CLANG_ANALYZER_NUMBER_OBJECT_CONVERSION = YES_AGGRESSIVE;
				CLANG_CXX_LANGUAGE_STANDARD = "gnu++14";
				CLANG_CXX_LIBRARY = "libc++";
				CLANG_ENABLE_MODULES = YES;
				CLANG_ENABLE_OBJC_ARC = YES;
				CLANG_ENABLE_OBJC_WEAK = YES;
				CLANG_WARN_BLOCK_CAPTURE_AUTORELEASING = YES;
				CLANG_WARN_BOOL_CONVERSION = YES;
				CLANG_WARN_COMMA = YES;
				CLANG_WARN_CONSTANT_CONVERSION = YES;
				CLANG_WARN_DEPRECATED_OBJC_IMPLEMENTATIONS = YES;
				CLANG_WARN_DIRECT_OBJC_ISA_USAGE = YES_ERROR;
				CLANG_WARN_DOCUMENTATION_COMMENTS = YES;
				CLANG_WARN_EMPTY_BODY = YES;
				CLANG_WARN_ENUM_CONVERSION = YES;
				CLANG_WARN_INFINITE_RECURSION = YES;
				CLANG_WARN_INT_CONVERSION = YES;
				CLANG_WARN_NON_LITERAL_NULL_CONVERSION = YES;
				CLANG_WARN_OBJC_IMPLICIT_RETAIN_SELF = YES;
				CLANG_WARN_OBJC_LITERAL_CONVERSION = YES;
				CLANG_WARN_OBJC_ROOT_CLASS = YES_ERROR;
				CLANG_WARN_QUOTED_INCLUDE_IN_FRAMEWORK_HEADER = YES;
				CLANG_WARN_RANGE_LOOP_ANALYSIS = YES;
				CLANG_WARN_STRICT_PROTOTYPES = YES;
				CLANG_WARN_SUSPICIOUS_MOVE = YES;
				CLANG_WARN_UNGUARDED_AVAILABILITY = YES_AGGRESSIVE;
				CLANG_WARN_UNREACHABLE_CODE = YES;
				CLANG_WARN__DUPLICATE_METHOD_MATCH = YES;
				COPY_PHASE_STRIP = NO;
				DEBUG_INFORMATION_FORMAT = dwarf;
				ENABLE_STRICT_OBJC_MSGSEND = YES;
				ENABLE_TESTABILITY = YES;
				GCC_C_LANGUAGE_STANDARD = gnu11;
				GCC_DYNAMIC_NO_PIC = NO;
				GCC_NO_COMMON_BLOCKS = YES;
				GCC_OPTIMIZATION_LEVEL = 0;
				GCC_PREPROCESSOR_DEFINITIONS = (
					"DEBUG=1",
					"$(inherited)",
				);
				GCC_WARN_64_TO_32_BIT_CONVERSION = YES;
				GCC_WARN_ABOUT_RETURN_TYPE = YES_ERROR;
				GCC_WARN_UNDECLARED_SELECTOR = YES;
				GCC_WARN_UNINITIALIZED_AUTOS = YES_AGGRESSIVE;
				GCC_WARN_UNUSED_FUNCTION = YES;
				GCC_WARN_UNUSED_VARIABLE = YES;
				IPHONEOS_DEPLOYMENT_TARGET = 14.5;
				MTL_ENABLE_DEBUG_INFO = INCLUDE_SOURCE;
				MTL_FAST_MATH = YES;
				ONLY_ACTIVE_ARCH = YES;
				SDKROOT = iphoneos;
				SWIFT_ACTIVE_COMPILATION_CONDITIONS = DEBUG;
				SWIFT_OPTIMIZATION_LEVEL = "-Onone";
			};
			name = Debug;
		};
		0EA00A3626B97E46007CA053 /* Release */ = {
			isa = XCBuildConfiguration;
			buildSettings = {
				ALWAYS_SEARCH_USER_PATHS = NO;
				CLANG_ANALYZER_NONNULL = YES;
				CLANG_ANALYZER_NUMBER_OBJECT_CONVERSION = YES_AGGRESSIVE;
				CLANG_CXX_LANGUAGE_STANDARD = "gnu++14";
				CLANG_CXX_LIBRARY = "libc++";
				CLANG_ENABLE_MODULES = YES;
				CLANG_ENABLE_OBJC_ARC = YES;
				CLANG_ENABLE_OBJC_WEAK = YES;
				CLANG_WARN_BLOCK_CAPTURE_AUTORELEASING = YES;
				CLANG_WARN_BOOL_CONVERSION = YES;
				CLANG_WARN_COMMA = YES;
				CLANG_WARN_CONSTANT_CONVERSION = YES;
				CLANG_WARN_DEPRECATED_OBJC_IMPLEMENTATIONS = YES;
				CLANG_WARN_DIRECT_OBJC_ISA_USAGE = YES_ERROR;
				CLANG_WARN_DOCUMENTATION_COMMENTS = YES;
				CLANG_WARN_EMPTY_BODY = YES;
				CLANG_WARN_ENUM_CONVERSION = YES;
				CLANG_WARN_INFINITE_RECURSION = YES;
				CLANG_WARN_INT_CONVERSION = YES;
				CLANG_WARN_NON_LITERAL_NULL_CONVERSION = YES;
				CLANG_WARN_OBJC_IMPLICIT_RETAIN_SELF = YES;
				CLANG_WARN_OBJC_LITERAL_CONVERSION = YES;
				CLANG_WARN_OBJC_ROOT_CLASS = YES_ERROR;
				CLANG_WARN_QUOTED_INCLUDE_IN_FRAMEWORK_HEADER = YES;
				CLANG_WARN_RANGE_LOOP_ANALYSIS = YES;
				CLANG_WARN_STRICT_PROTOTYPES = YES;
				CLANG_WARN_SUSPICIOUS_MOVE = YES;
				CLANG_WARN_UNGUARDED_AVAILABILITY = YES_AGGRESSIVE;
				CLANG_WARN_UNREACHABLE_CODE = YES;
				CLANG_WARN__DUPLICATE_METHOD_MATCH = YES;
				COPY_PHASE_STRIP = NO;
				DEBUG_INFORMATION_FORMAT = "dwarf-with-dsym";
				ENABLE_NS_ASSERTIONS = NO;
				ENABLE_STRICT_OBJC_MSGSEND = YES;
				GCC_C_LANGUAGE_STANDARD = gnu11;
				GCC_NO_COMMON_BLOCKS = YES;
				GCC_WARN_64_TO_32_BIT_CONVERSION = YES;
				GCC_WARN_ABOUT_RETURN_TYPE = YES_ERROR;
				GCC_WARN_UNDECLARED_SELECTOR = YES;
				GCC_WARN_UNINITIALIZED_AUTOS = YES_AGGRESSIVE;
				GCC_WARN_UNUSED_FUNCTION = YES;
				GCC_WARN_UNUSED_VARIABLE = YES;
				IPHONEOS_DEPLOYMENT_TARGET = 14.5;
				MTL_ENABLE_DEBUG_INFO = NO;
				MTL_FAST_MATH = YES;
				SDKROOT = iphoneos;
				SWIFT_COMPILATION_MODE = wholemodule;
				SWIFT_OPTIMIZATION_LEVEL = "-O";
				VALIDATE_PRODUCT = YES;
			};
			name = Release;
		};
		0EA00A3826B97E46007CA053 /* Debug */ = {
			isa = XCBuildConfiguration;
			baseConfigurationReference = 5E5D64BC3E31BEE245023055 /* Pods-TMDB.debug.xcconfig */;
			buildSettings = {
				ASSETCATALOG_COMPILER_APPICON_NAME = AppIcon;
				ASSETCATALOG_COMPILER_GLOBAL_ACCENT_COLOR_NAME = AccentColor;
				CODE_SIGN_STYLE = Automatic;
				DEVELOPMENT_TEAM = 5BZ42QCZDH;
				INFOPLIST_FILE = TMDB/Info.plist;
				LD_RUNPATH_SEARCH_PATHS = (
					"$(inherited)",
					"@executable_path/Frameworks",
				);
				PRODUCT_BUNDLE_IDENTIFIER = com.yaffiazmidev.TMDB;
				PRODUCT_NAME = "$(TARGET_NAME)";
				SWIFT_VERSION = 5.0;
				TARGETED_DEVICE_FAMILY = "1,2";
			};
			name = Debug;
		};
		0EA00A3926B97E46007CA053 /* Release */ = {
			isa = XCBuildConfiguration;
			baseConfigurationReference = F47832B032E3047F9688B613 /* Pods-TMDB.release.xcconfig */;
			buildSettings = {
				ASSETCATALOG_COMPILER_APPICON_NAME = AppIcon;
				ASSETCATALOG_COMPILER_GLOBAL_ACCENT_COLOR_NAME = AccentColor;
				CODE_SIGN_STYLE = Automatic;
				DEVELOPMENT_TEAM = 5BZ42QCZDH;
				INFOPLIST_FILE = TMDB/Info.plist;
				LD_RUNPATH_SEARCH_PATHS = (
					"$(inherited)",
					"@executable_path/Frameworks",
				);
				PRODUCT_BUNDLE_IDENTIFIER = com.yaffiazmidev.TMDB;
				PRODUCT_NAME = "$(TARGET_NAME)";
				SWIFT_VERSION = 5.0;
				TARGETED_DEVICE_FAMILY = "1,2";
			};
			name = Release;
		};
/* End XCBuildConfiguration section */

/* Begin XCConfigurationList section */
		0EA00A1E26B97E45007CA053 /* Build configuration list for PBXProject "TMDB" */ = {
			isa = XCConfigurationList;
			buildConfigurations = (
				0EA00A3526B97E46007CA053 /* Debug */,
				0EA00A3626B97E46007CA053 /* Release */,
			);
			defaultConfigurationIsVisible = 0;
			defaultConfigurationName = Release;
		};
		0EA00A3726B97E46007CA053 /* Build configuration list for PBXNativeTarget "TMDB" */ = {
			isa = XCConfigurationList;
			buildConfigurations = (
				0EA00A3826B97E46007CA053 /* Debug */,
				0EA00A3926B97E46007CA053 /* Release */,
			);
			defaultConfigurationIsVisible = 0;
			defaultConfigurationName = Release;
		};
/* End XCConfigurationList section */
	};
	rootObject = 0EA00A1B26B97E45007CA053 /* Project object */;
}
